// !$*UTF8*$!
{
	archiveVersion = 1;
	classes = {
	};
	objectVersion = 56;
	objects = {

/* Begin PBXBuildFile section */
		63B57537292FB2D500BF6045 /* AppDelegate.swift in Sources */ = {isa = PBXBuildFile; fileRef = 63B57536292FB2D500BF6045 /* AppDelegate.swift */; };
		63B57539292FB2D500BF6045 /* SceneDelegate.swift in Sources */ = {isa = PBXBuildFile; fileRef = 63B57538292FB2D500BF6045 /* SceneDelegate.swift */; };
		63B5753B292FB2D500BF6045 /* ViewController.swift in Sources */ = {isa = PBXBuildFile; fileRef = 63B5753A292FB2D500BF6045 /* ViewController.swift */; };
		63B5753E292FB2D500BF6045 /* Main.storyboard in Resources */ = {isa = PBXBuildFile; fileRef = 63B5753C292FB2D500BF6045 /* Main.storyboard */; };
		63B57540292FB2D600BF6045 /* Assets.xcassets in Resources */ = {isa = PBXBuildFile; fileRef = 63B5753F292FB2D600BF6045 /* Assets.xcassets */; };
		63B57543292FB2D600BF6045 /* LaunchScreen.storyboard in Resources */ = {isa = PBXBuildFile; fileRef = 63B57541292FB2D600BF6045 /* LaunchScreen.storyboard */; };
		63B5754E292FB2D600BF6045 /* PaintTests.swift in Sources */ = {isa = PBXBuildFile; fileRef = 63B5754D292FB2D600BF6045 /* PaintTests.swift */; };
		63B57558292FB2D600BF6045 /* PaintUITests.swift in Sources */ = {isa = PBXBuildFile; fileRef = 63B57557292FB2D600BF6045 /* PaintUITests.swift */; };
		63B5755A292FB2D600BF6045 /* PaintUITestsLaunchTests.swift in Sources */ = {isa = PBXBuildFile; fileRef = 63B57559292FB2D600BF6045 /* PaintUITestsLaunchTests.swift */; };
/* End PBXBuildFile section */

/* Begin PBXContainerItemProxy section */
		63B5754A292FB2D600BF6045 /* PBXContainerItemProxy */ = {
			isa = PBXContainerItemProxy;
			containerPortal = 63B5752B292FB2D500BF6045 /* Project object */;
			proxyType = 1;
			remoteGlobalIDString = 63B57532292FB2D500BF6045;
			remoteInfo = Paint;
		};
		63B57554292FB2D600BF6045 /* PBXContainerItemProxy */ = {
			isa = PBXContainerItemProxy;
			containerPortal = 63B5752B292FB2D500BF6045 /* Project object */;
			proxyType = 1;
			remoteGlobalIDString = 63B57532292FB2D500BF6045;
			remoteInfo = Paint;
		};
/* End PBXContainerItemProxy section */

/* Begin PBXFileReference section */
		63B57533292FB2D500BF6045 /* Paint.app */ = {isa = PBXFileReference; explicitFileType = wrapper.application; includeInIndex = 0; path = Paint.app; sourceTree = BUILT_PRODUCTS_DIR; };
		63B57536292FB2D500BF6045 /* AppDelegate.swift */ = {isa = PBXFileReference; lastKnownFileType = sourcecode.swift; path = AppDelegate.swift; sourceTree = "<group>"; };
		63B57538292FB2D500BF6045 /* SceneDelegate.swift */ = {isa = PBXFileReference; lastKnownFileType = sourcecode.swift; path = SceneDelegate.swift; sourceTree = "<group>"; };
		63B5753A292FB2D500BF6045 /* ViewController.swift */ = {isa = PBXFileReference; lastKnownFileType = sourcecode.swift; path = ViewController.swift; sourceTree = "<group>"; };
		63B5753D292FB2D500BF6045 /* Base */ = {isa = PBXFileReference; lastKnownFileType = file.storyboard; name = Base; path = Base.lproj/Main.storyboard; sourceTree = "<group>"; };
		63B5753F292FB2D600BF6045 /* Assets.xcassets */ = {isa = PBXFileReference; lastKnownFileType = folder.assetcatalog; path = Assets.xcassets; sourceTree = "<group>"; };
		63B57542292FB2D600BF6045 /* Base */ = {isa = PBXFileReference; lastKnownFileType = file.storyboard; name = Base; path = Base.lproj/LaunchScreen.storyboard; sourceTree = "<group>"; };
		63B57544292FB2D600BF6045 /* Info.plist */ = {isa = PBXFileReference; lastKnownFileType = text.plist.xml; path = Info.plist; sourceTree = "<group>"; };
		63B57549292FB2D600BF6045 /* PaintTests.xctest */ = {isa = PBXFileReference; explicitFileType = wrapper.cfbundle; includeInIndex = 0; path = PaintTests.xctest; sourceTree = BUILT_PRODUCTS_DIR; };
		63B5754D292FB2D600BF6045 /* PaintTests.swift */ = {isa = PBXFileReference; lastKnownFileType = sourcecode.swift; path = PaintTests.swift; sourceTree = "<group>"; };
		63B57553292FB2D600BF6045 /* PaintUITests.xctest */ = {isa = PBXFileReference; explicitFileType = wrapper.cfbundle; includeInIndex = 0; path = PaintUITests.xctest; sourceTree = BUILT_PRODUCTS_DIR; };
		63B57557292FB2D600BF6045 /* PaintUITests.swift */ = {isa = PBXFileReference; lastKnownFileType = sourcecode.swift; path = PaintUITests.swift; sourceTree = "<group>"; };
		63B57559292FB2D600BF6045 /* PaintUITestsLaunchTests.swift */ = {isa = PBXFileReference; lastKnownFileType = sourcecode.swift; path = PaintUITestsLaunchTests.swift; sourceTree = "<group>"; };
/* End PBXFileReference section */

/* Begin PBXFrameworksBuildPhase section */
		63B57530292FB2D500BF6045 /* Frameworks */ = {
			isa = PBXFrameworksBuildPhase;
			buildActionMask = 2147483647;
			files = (
			);
			runOnlyForDeploymentPostprocessing = 0;
		};
		63B57546292FB2D600BF6045 /* Frameworks */ = {
			isa = PBXFrameworksBuildPhase;
			buildActionMask = 2147483647;
			files = (
			);
			runOnlyForDeploymentPostprocessing = 0;
		};
		63B57550292FB2D600BF6045 /* Frameworks */ = {
			isa = PBXFrameworksBuildPhase;
			buildActionMask = 2147483647;
			files = (
			);
			runOnlyForDeploymentPostprocessing = 0;
		};
/* End PBXFrameworksBuildPhase section */

/* Begin PBXGroup section */
		63B5752A292FB2D500BF6045 = {
			isa = PBXGroup;
			children = (
				63B57535292FB2D500BF6045 /* Paint */,
				63B5754C292FB2D600BF6045 /* PaintTests */,
				63B57556292FB2D600BF6045 /* PaintUITests */,
				63B57534292FB2D500BF6045 /* Products */,
			);
			sourceTree = "<group>";
		};
		63B57534292FB2D500BF6045 /* Products */ = {
			isa = PBXGroup;
			children = (
				63B57533292FB2D500BF6045 /* Paint.app */,
				63B57549292FB2D600BF6045 /* PaintTests.xctest */,
				63B57553292FB2D600BF6045 /* PaintUITests.xctest */,
			);
			name = Products;
			sourceTree = "<group>";
		};
		63B57535292FB2D500BF6045 /* Paint */ = {
			isa = PBXGroup;
			children = (
				63B57536292FB2D500BF6045 /* AppDelegate.swift */,
				63B57538292FB2D500BF6045 /* SceneDelegate.swift */,
				63B5753A292FB2D500BF6045 /* ViewController.swift */,
				63B5753C292FB2D500BF6045 /* Main.storyboard */,
				63B5753F292FB2D600BF6045 /* Assets.xcassets */,
				63B57541292FB2D600BF6045 /* LaunchScreen.storyboard */,
				63B57544292FB2D600BF6045 /* Info.plist */,
			);
			path = Paint;
			sourceTree = "<group>";
		};
		63B5754C292FB2D600BF6045 /* PaintTests */ = {
			isa = PBXGroup;
			children = (
				63B5754D292FB2D600BF6045 /* PaintTests.swift */,
			);
			path = PaintTests;
			sourceTree = "<group>";
		};
		63B57556292FB2D600BF6045 /* PaintUITests */ = {
			isa = PBXGroup;
			children = (
				63B57557292FB2D600BF6045 /* PaintUITests.swift */,
				63B57559292FB2D600BF6045 /* PaintUITestsLaunchTests.swift */,
			);
			path = PaintUITests;
			sourceTree = "<group>";
		};
/* End PBXGroup section */

/* Begin PBXNativeTarget section */
		63B57532292FB2D500BF6045 /* Paint */ = {
			isa = PBXNativeTarget;
			buildConfigurationList = 63B5755D292FB2D600BF6045 /* Build configuration list for PBXNativeTarget "Paint" */;
			buildPhases = (
				63B5752F292FB2D500BF6045 /* Sources */,
				63B57530292FB2D500BF6045 /* Frameworks */,
				63B57531292FB2D500BF6045 /* Resources */,
			);
			buildRules = (
			);
			dependencies = (
			);
			name = Paint;
			productName = Paint;
			productReference = 63B57533292FB2D500BF6045 /* Paint.app */;
			productType = "com.apple.product-type.application";
		};
		63B57548292FB2D600BF6045 /* PaintTests */ = {
			isa = PBXNativeTarget;
			buildConfigurationList = 63B57560292FB2D600BF6045 /* Build configuration list for PBXNativeTarget "PaintTests" */;
			buildPhases = (
				63B57545292FB2D600BF6045 /* Sources */,
				63B57546292FB2D600BF6045 /* Frameworks */,
				63B57547292FB2D600BF6045 /* Resources */,
			);
			buildRules = (
			);
			dependencies = (
				63B5754B292FB2D600BF6045 /* PBXTargetDependency */,
			);
			name = PaintTests;
			productName = PaintTests;
			productReference = 63B57549292FB2D600BF6045 /* PaintTests.xctest */;
			productType = "com.apple.product-type.bundle.unit-test";
		};
		63B57552292FB2D600BF6045 /* PaintUITests */ = {
			isa = PBXNativeTarget;
			buildConfigurationList = 63B57563292FB2D600BF6045 /* Build configuration list for PBXNativeTarget "PaintUITests" */;
			buildPhases = (
				63B5754F292FB2D600BF6045 /* Sources */,
				63B57550292FB2D600BF6045 /* Frameworks */,
				63B57551292FB2D600BF6045 /* Resources */,
			);
			buildRules = (
			);
			dependencies = (
				63B57555292FB2D600BF6045 /* PBXTargetDependency */,
			);
			name = PaintUITests;
			productName = PaintUITests;
			productReference = 63B57553292FB2D600BF6045 /* PaintUITests.xctest */;
			productType = "com.apple.product-type.bundle.ui-testing";
		};
/* End PBXNativeTarget section */

/* Begin PBXProject section */
		63B5752B292FB2D500BF6045 /* Project object */ = {
			isa = PBXProject;
			attributes = {
				BuildIndependentTargetsInParallel = 1;
				LastSwiftUpdateCheck = 1410;
				LastUpgradeCheck = 1410;
				TargetAttributes = {
					63B57532292FB2D500BF6045 = {
						CreatedOnToolsVersion = 14.1;
					};
					63B57548292FB2D600BF6045 = {
						CreatedOnToolsVersion = 14.1;
						TestTargetID = 63B57532292FB2D500BF6045;
					};
					63B57552292FB2D600BF6045 = {
						CreatedOnToolsVersion = 14.1;
						TestTargetID = 63B57532292FB2D500BF6045;
					};
				};
			};
			buildConfigurationList = 63B5752E292FB2D500BF6045 /* Build configuration list for PBXProject "Paint" */;
			compatibilityVersion = "Xcode 14.0";
			developmentRegion = en;
			hasScannedForEncodings = 0;
			knownRegions = (
				en,
				Base,
			);
			mainGroup = 63B5752A292FB2D500BF6045;
			productRefGroup = 63B57534292FB2D500BF6045 /* Products */;
			projectDirPath = "";
			projectRoot = "";
			targets = (
				63B57532292FB2D500BF6045 /* Paint */,
				63B57548292FB2D600BF6045 /* PaintTests */,
				63B57552292FB2D600BF6045 /* PaintUITests */,
			);
		};
/* End PBXProject section */

/* Begin PBXResourcesBuildPhase section */
		63B57531292FB2D500BF6045 /* Resources */ = {
			isa = PBXResourcesBuildPhase;
			buildActionMask = 2147483647;
			files = (
				63B57543292FB2D600BF6045 /* LaunchScreen.storyboard in Resources */,
				63B57540292FB2D600BF6045 /* Assets.xcassets in Resources */,
				63B5753E292FB2D500BF6045 /* Main.storyboard in Resources */,
			);
			runOnlyForDeploymentPostprocessing = 0;
		};
		63B57547292FB2D600BF6045 /* Resources */ = {
			isa = PBXResourcesBuildPhase;
			buildActionMask = 2147483647;
			files = (
			);
			runOnlyForDeploymentPostprocessing = 0;
		};
		63B57551292FB2D600BF6045 /* Resources */ = {
			isa = PBXResourcesBuildPhase;
			buildActionMask = 2147483647;
			files = (
			);
			runOnlyForDeploymentPostprocessing = 0;
		};
/* End PBXResourcesBuildPhase section */

/* Begin PBXSourcesBuildPhase section */
		63B5752F292FB2D500BF6045 /* Sources */ = {
			isa = PBXSourcesBuildPhase;
			buildActionMask = 2147483647;
			files = (
				63B5753B292FB2D500BF6045 /* ViewController.swift in Sources */,
				63B57537292FB2D500BF6045 /* AppDelegate.swift in Sources */,
				63B57539292FB2D500BF6045 /* SceneDelegate.swift in Sources */,
			);
			runOnlyForDeploymentPostprocessing = 0;
		};
		63B57545292FB2D600BF6045 /* Sources */ = {
			isa = PBXSourcesBuildPhase;
			buildActionMask = 2147483647;
			files = (
				63B5754E292FB2D600BF6045 /* PaintTests.swift in Sources */,
			);
			runOnlyForDeploymentPostprocessing = 0;
		};
		63B5754F292FB2D600BF6045 /* Sources */ = {
			isa = PBXSourcesBuildPhase;
			buildActionMask = 2147483647;
			files = (
				63B57558292FB2D600BF6045 /* PaintUITests.swift in Sources */,
				63B5755A292FB2D600BF6045 /* PaintUITestsLaunchTests.swift in Sources */,
			);
			runOnlyForDeploymentPostprocessing = 0;
		};
/* End PBXSourcesBuildPhase section */

/* Begin PBXTargetDependency section */
		63B5754B292FB2D600BF6045 /* PBXTargetDependency */ = {
			isa = PBXTargetDependency;
			target = 63B57532292FB2D500BF6045 /* Paint */;
			targetProxy = 63B5754A292FB2D600BF6045 /* PBXContainerItemProxy */;
		};
		63B57555292FB2D600BF6045 /* PBXTargetDependency */ = {
			isa = PBXTargetDependency;
			target = 63B57532292FB2D500BF6045 /* Paint */;
			targetProxy = 63B57554292FB2D600BF6045 /* PBXContainerItemProxy */;
		};
/* End PBXTargetDependency section */

/* Begin PBXVariantGroup section */
		63B5753C292FB2D500BF6045 /* Main.storyboard */ = {
			isa = PBXVariantGroup;
			children = (
				63B5753D292FB2D500BF6045 /* Base */,
			);
			name = Main.storyboard;
			sourceTree = "<group>";
		};
		63B57541292FB2D600BF6045 /* LaunchScreen.storyboard */ = {
			isa = PBXVariantGroup;
			children = (
				63B57542292FB2D600BF6045 /* Base */,
			);
			name = LaunchScreen.storyboard;
			sourceTree = "<group>";
		};
/* End PBXVariantGroup section */

/* Begin XCBuildConfiguration section */
		63B5755B292FB2D600BF6045 /* Debug */ = {
			isa = XCBuildConfiguration;
			buildSettings = {
				ALWAYS_SEARCH_USER_PATHS = NO;
				CLANG_ANALYZER_NONNULL = YES;
				CLANG_ANALYZER_NUMBER_OBJECT_CONVERSION = YES_AGGRESSIVE;
				CLANG_CXX_LANGUAGE_STANDARD = "gnu++20";
				CLANG_ENABLE_MODULES = YES;
				CLANG_ENABLE_OBJC_ARC = YES;
				CLANG_ENABLE_OBJC_WEAK = YES;
				CLANG_WARN_BLOCK_CAPTURE_AUTORELEASING = YES;
				CLANG_WARN_BOOL_CONVERSION = YES;
				CLANG_WARN_COMMA = YES;
				CLANG_WARN_CONSTANT_CONVERSION = YES;
				CLANG_WARN_DEPRECATED_OBJC_IMPLEMENTATIONS = YES;
				CLANG_WARN_DIRECT_OBJC_ISA_USAGE = YES_ERROR;
				CLANG_WARN_DOCUMENTATION_COMMENTS = YES;
				CLANG_WARN_EMPTY_BODY = YES;
				CLANG_WARN_ENUM_CONVERSION = YES;
				CLANG_WARN_INFINITE_RECURSION = YES;
				CLANG_WARN_INT_CONVERSION = YES;
				CLANG_WARN_NON_LITERAL_NULL_CONVERSION = YES;
				CLANG_WARN_OBJC_IMPLICIT_RETAIN_SELF = YES;
				CLANG_WARN_OBJC_LITERAL_CONVERSION = YES;
				CLANG_WARN_OBJC_ROOT_CLASS = YES_ERROR;
				CLANG_WARN_QUOTED_INCLUDE_IN_FRAMEWORK_HEADER = YES;
				CLANG_WARN_RANGE_LOOP_ANALYSIS = YES;
				CLANG_WARN_STRICT_PROTOTYPES = YES;
				CLANG_WARN_SUSPICIOUS_MOVE = YES;
				CLANG_WARN_UNGUARDED_AVAILABILITY = YES_AGGRESSIVE;
				CLANG_WARN_UNREACHABLE_CODE = YES;
				CLANG_WARN__DUPLICATE_METHOD_MATCH = YES;
				COPY_PHASE_STRIP = NO;
				DEBUG_INFORMATION_FORMAT = dwarf;
				ENABLE_STRICT_OBJC_MSGSEND = YES;
				ENABLE_TESTABILITY = YES;
				GCC_C_LANGUAGE_STANDARD = gnu11;
				GCC_DYNAMIC_NO_PIC = NO;
				GCC_NO_COMMON_BLOCKS = YES;
				GCC_OPTIMIZATION_LEVEL = 0;
				GCC_PREPROCESSOR_DEFINITIONS = (
					"DEBUG=1",
					"$(inherited)",
				);
				GCC_WARN_64_TO_32_BIT_CONVERSION = YES;
				GCC_WARN_ABOUT_RETURN_TYPE = YES_ERROR;
				GCC_WARN_UNDECLARED_SELECTOR = YES;
				GCC_WARN_UNINITIALIZED_AUTOS = YES_AGGRESSIVE;
				GCC_WARN_UNUSED_FUNCTION = YES;
				GCC_WARN_UNUSED_VARIABLE = YES;
				IPHONEOS_DEPLOYMENT_TARGET = 16.1;
				MTL_ENABLE_DEBUG_INFO = INCLUDE_SOURCE;
				MTL_FAST_MATH = YES;
				ONLY_ACTIVE_ARCH = YES;
				SDKROOT = iphoneos;
				SWIFT_ACTIVE_COMPILATION_CONDITIONS = DEBUG;
				SWIFT_OPTIMIZATION_LEVEL = "-Onone";
			};
			name = Debug;
		};
		63B5755C292FB2D600BF6045 /* Release */ = {
			isa = XCBuildConfiguration;
			buildSettings = {
				ALWAYS_SEARCH_USER_PATHS = NO;
				CLANG_ANALYZER_NONNULL = YES;
				CLANG_ANALYZER_NUMBER_OBJECT_CONVERSION = YES_AGGRESSIVE;
				CLANG_CXX_LANGUAGE_STANDARD = "gnu++20";
				CLANG_ENABLE_MODULES = YES;
				CLANG_ENABLE_OBJC_ARC = YES;
				CLANG_ENABLE_OBJC_WEAK = YES;
				CLANG_WARN_BLOCK_CAPTURE_AUTORELEASING = YES;
				CLANG_WARN_BOOL_CONVERSION = YES;
				CLANG_WARN_COMMA = YES;
				CLANG_WARN_CONSTANT_CONVERSION = YES;
				CLANG_WARN_DEPRECATED_OBJC_IMPLEMENTATIONS = YES;
				CLANG_WARN_DIRECT_OBJC_ISA_USAGE = YES_ERROR;
				CLANG_WARN_DOCUMENTATION_COMMENTS = YES;
				CLANG_WARN_EMPTY_BODY = YES;
				CLANG_WARN_ENUM_CONVERSION = YES;
				CLANG_WARN_INFINITE_RECURSION = YES;
				CLANG_WARN_INT_CONVERSION = YES;
				CLANG_WARN_NON_LITERAL_NULL_CONVERSION = YES;
				CLANG_WARN_OBJC_IMPLICIT_RETAIN_SELF = YES;
				CLANG_WARN_OBJC_LITERAL_CONVERSION = YES;
				CLANG_WARN_OBJC_ROOT_CLASS = YES_ERROR;
				CLANG_WARN_QUOTED_INCLUDE_IN_FRAMEWORK_HEADER = YES;
				CLANG_WARN_RANGE_LOOP_ANALYSIS = YES;
				CLANG_WARN_STRICT_PROTOTYPES = YES;
				CLANG_WARN_SUSPICIOUS_MOVE = YES;
				CLANG_WARN_UNGUARDED_AVAILABILITY = YES_AGGRESSIVE;
				CLANG_WARN_UNREACHABLE_CODE = YES;
				CLANG_WARN__DUPLICATE_METHOD_MATCH = YES;
				COPY_PHASE_STRIP = NO;
				DEBUG_INFORMATION_FORMAT = "dwarf-with-dsym";
				ENABLE_NS_ASSERTIONS = NO;
				ENABLE_STRICT_OBJC_MSGSEND = YES;
				GCC_C_LANGUAGE_STANDARD = gnu11;
				GCC_NO_COMMON_BLOCKS = YES;
				GCC_WARN_64_TO_32_BIT_CONVERSION = YES;
				GCC_WARN_ABOUT_RETURN_TYPE = YES_ERROR;
				GCC_WARN_UNDECLARED_SELECTOR = YES;
				GCC_WARN_UNINITIALIZED_AUTOS = YES_AGGRESSIVE;
				GCC_WARN_UNUSED_FUNCTION = YES;
				GCC_WARN_UNUSED_VARIABLE = YES;
				IPHONEOS_DEPLOYMENT_TARGET = 16.1;
				MTL_ENABLE_DEBUG_INFO = NO;
				MTL_FAST_MATH = YES;
				SDKROOT = iphoneos;
				SWIFT_COMPILATION_MODE = wholemodule;
				SWIFT_OPTIMIZATION_LEVEL = "-O";
				VALIDATE_PRODUCT = YES;
			};
			name = Release;
		};
		63B5755E292FB2D600BF6045 /* Debug */ = {
			isa = XCBuildConfiguration;
			buildSettings = {
				ASSETCATALOG_COMPILER_APPICON_NAME = AppIcon;
				ASSETCATALOG_COMPILER_GLOBAL_ACCENT_COLOR_NAME = AccentColor;
				CODE_SIGN_STYLE = Automatic;
				CURRENT_PROJECT_VERSION = 1;
				DEVELOPMENT_TEAM = GYVUGUT77Q;
				GENERATE_INFOPLIST_FILE = YES;
				INFOPLIST_FILE = Paint/Info.plist;
				INFOPLIST_KEY_UIApplicationSupportsIndirectInputEvents = YES;
				INFOPLIST_KEY_UILaunchStoryboardName = LaunchScreen;
				INFOPLIST_KEY_UIMainStoryboardFile = Main;
				INFOPLIST_KEY_UISupportedInterfaceOrientations_iPad = "UIInterfaceOrientationPortrait UIInterfaceOrientationPortraitUpsideDown UIInterfaceOrientationLandscapeLeft UIInterfaceOrientationLandscapeRight";
				INFOPLIST_KEY_UISupportedInterfaceOrientations_iPhone = "UIInterfaceOrientationPortrait UIInterfaceOrientationLandscapeLeft UIInterfaceOrientationLandscapeRight";
				LD_RUNPATH_SEARCH_PATHS = (
					"$(inherited)",
					"@executable_path/Frameworks",
				);
				MARKETING_VERSION = 1.0;
				PRODUCT_BUNDLE_IDENTIFIER = com.example.Paint;
				PRODUCT_NAME = "$(TARGET_NAME)";
				SWIFT_EMIT_LOC_STRINGS = YES;
				SWIFT_VERSION = 5.0;
				TARGETED_DEVICE_FAMILY = "1,2";
			};
			name = Debug;
		};
		63B5755F292FB2D600BF6045 /* Release */ = {
			isa = XCBuildConfiguration;
			buildSettings = {
				ASSETCATALOG_COMPILER_APPICON_NAME = AppIcon;
				ASSETCATALOG_COMPILER_GLOBAL_ACCENT_COLOR_NAME = AccentColor;
				CODE_SIGN_STYLE = Automatic;
				CURRENT_PROJECT_VERSION = 1;
				DEVELOPMENT_TEAM = GYVUGUT77Q;
				GENERATE_INFOPLIST_FILE = YES;
				INFOPLIST_FILE = Paint/Info.plist;
				INFOPLIST_KEY_UIApplicationSupportsIndirectInputEvents = YES;
				INFOPLIST_KEY_UILaunchStoryboardName = LaunchScreen;
				INFOPLIST_KEY_UIMainStoryboardFile = Main;
				INFOPLIST_KEY_UISupportedInterfaceOrientations_iPad = "UIInterfaceOrientationPortrait UIInterfaceOrientationPortraitUpsideDown UIInterfaceOrientationLandscapeLeft UIInterfaceOrientationLandscapeRight";
				INFOPLIST_KEY_UISupportedInterfaceOrientations_iPhone = "UIInterfaceOrientationPortrait UIInterfaceOrientationLandscapeLeft UIInterfaceOrientationLandscapeRight";
				LD_RUNPATH_SEARCH_PATHS = (
					"$(inherited)",
					"@executable_path/Frameworks",
				);
				MARKETING_VERSION = 1.0;
				PRODUCT_BUNDLE_IDENTIFIER = com.example.Paint;
				PRODUCT_NAME = "$(TARGET_NAME)";
				SWIFT_EMIT_LOC_STRINGS = YES;
				SWIFT_VERSION = 5.0;
				TARGETED_DEVICE_FAMILY = "1,2";
			};
			name = Release;
		};
		63B57561292FB2D600BF6045 /* Debug */ = {
			isa = XCBuildConfiguration;
			buildSettings = {
				ALWAYS_EMBED_SWIFT_STANDARD_LIBRARIES = YES;
				BUNDLE_LOADER = "$(TEST_HOST)";
				CODE_SIGN_STYLE = Automatic;
				CURRENT_PROJECT_VERSION = 1;
				DEVELOPMENT_TEAM = GYVUGUT77Q;
				GENERATE_INFOPLIST_FILE = YES;
				IPHONEOS_DEPLOYMENT_TARGET = 16.1;
				MARKETING_VERSION = 1.0;
				PRODUCT_BUNDLE_IDENTIFIER = com.example.PaintTests;
				PRODUCT_NAME = "$(TARGET_NAME)";
				SWIFT_EMIT_LOC_STRINGS = NO;
				SWIFT_VERSION = 5.0;
				TARGETED_DEVICE_FAMILY = "1,2";
				TEST_HOST = "$(BUILT_PRODUCTS_DIR)/Paint.app/$(BUNDLE_EXECUTABLE_FOLDER_PATH)/Paint";
			};
			name = Debug;
		};
		63B57562292FB2D600BF6045 /* Release */ = {
			isa = XCBuildConfiguration;
			buildSettings = {
				ALWAYS_EMBED_SWIFT_STANDARD_LIBRARIES = YES;
				BUNDLE_LOADER = "$(TEST_HOST)";
				CODE_SIGN_STYLE = Automatic;
				CURRENT_PROJECT_VERSION = 1;
				DEVELOPMENT_TEAM = GYVUGUT77Q;
				GENERATE_INFOPLIST_FILE = YES;
				IPHONEOS_DEPLOYMENT_TARGET = 16.1;
				MARKETING_VERSION = 1.0;
				PRODUCT_BUNDLE_IDENTIFIER = com.example.PaintTests;
				PRODUCT_NAME = "$(TARGET_NAME)";
				SWIFT_EMIT_LOC_STRINGS = NO;
				SWIFT_VERSION = 5.0;
				TARGETED_DEVICE_FAMILY = "1,2";
				TEST_HOST = "$(BUILT_PRODUCTS_DIR)/Paint.app/$(BUNDLE_EXECUTABLE_FOLDER_PATH)/Paint";
			};
			name = Release;
		};
		63B57564292FB2D600BF6045 /* Debug */ = {
			isa = XCBuildConfiguration;
			buildSettings = {
				ALWAYS_EMBED_SWIFT_STANDARD_LIBRARIES = YES;
				CODE_SIGN_STYLE = Automatic;
				CURRENT_PROJECT_VERSION = 1;
				DEVELOPMENT_TEAM = GYVUGUT77Q;
				GENERATE_INFOPLIST_FILE = YES;
				MARKETING_VERSION = 1.0;
				PRODUCT_BUNDLE_IDENTIFIER = com.example.PaintUITests;
				PRODUCT_NAME = "$(TARGET_NAME)";
				SWIFT_EMIT_LOC_STRINGS = NO;
				SWIFT_VERSION = 5.0;
				TARGETED_DEVICE_FAMILY = "1,2";
				TEST_TARGET_NAME = Paint;
			};
			name = Debug;
		};
		63B57565292FB2D600BF6045 /* Release */ = {
			isa = XCBuildConfiguration;
			buildSettings = {
				ALWAYS_EMBED_SWIFT_STANDARD_LIBRARIES = YES;
				CODE_SIGN_STYLE = Automatic;
				CURRENT_PROJECT_VERSION = 1;
				DEVELOPMENT_TEAM = GYVUGUT77Q;
				GENERATE_INFOPLIST_FILE = YES;
				MARKETING_VERSION = 1.0;
				PRODUCT_BUNDLE_IDENTIFIER = com.example.PaintUITests;
				PRODUCT_NAME = "$(TARGET_NAME)";
				SWIFT_EMIT_LOC_STRINGS = NO;
				SWIFT_VERSION = 5.0;
				TARGETED_DEVICE_FAMILY = "1,2";
				TEST_TARGET_NAME = Paint;
			};
			name = Release;
		};
/* End XCBuildConfiguration section */

/* Begin XCConfigurationList section */
		63B5752E292FB2D500BF6045 /* Build configuration list for PBXProject "Paint" */ = {
			isa = XCConfigurationList;
			buildConfigurations = (
				63B5755B292FB2D600BF6045 /* Debug */,
				63B5755C292FB2D600BF6045 /* Release */,
			);
			defaultConfigurationIsVisible = 0;
			defaultConfigurationName = Release;
		};
		63B5755D292FB2D600BF6045 /* Build configuration list for PBXNativeTarget "Paint" */ = {
			isa = XCConfigurationList;
			buildConfigurations = (
				63B5755E292FB2D600BF6045 /* Debug */,
				63B5755F292FB2D600BF6045 /* Release */,
			);
			defaultConfigurationIsVisible = 0;
			defaultConfigurationName = Release;
		};
		63B57560292FB2D600BF6045 /* Build configuration list for PBXNativeTarget "PaintTests" */ = {
			isa = XCConfigurationList;
			buildConfigurations = (
				63B57561292FB2D600BF6045 /* Debug */,
				63B57562292FB2D600BF6045 /* Release */,
			);
			defaultConfigurationIsVisible = 0;
			defaultConfigurationName = Release;
		};
		63B57563292FB2D600BF6045 /* Build configuration list for PBXNativeTarget "PaintUITests" */ = {
			isa = XCConfigurationList;
			buildConfigurations = (
				63B57564292FB2D600BF6045 /* Debug */,
				63B57565292FB2D600BF6045 /* Release */,
			);
			defaultConfigurationIsVisible = 0;
			defaultConfigurationName = Release;
		};
/* End XCConfigurationList section */
	};
	rootObject = 63B5752B292FB2D500BF6045 /* Project object */;
}
